// !$*UTF8*$!
{
	archiveVersion = 1;
	classes = {
	};
	objectVersion = 48;
	objects = {

/* Begin PBXBuildFile section */
		718FE659202C836400926269 /* ValidaFormulario.swift in Sources */ = {isa = PBXBuildFile; fileRef = 718FE658202C836400926269 /* ValidaFormulario.swift */; };
		71BAFA312029E00A00D3073E /* AppDelegate.swift in Sources */ = {isa = PBXBuildFile; fileRef = 71BAFA302029E00A00D3073E /* AppDelegate.swift */; };
		71BAFA332029E00A00D3073E /* ViewController.swift in Sources */ = {isa = PBXBuildFile; fileRef = 71BAFA322029E00A00D3073E /* ViewController.swift */; };
		71BAFA362029E00A00D3073E /* Main.storyboard in Resources */ = {isa = PBXBuildFile; fileRef = 71BAFA342029E00A00D3073E /* Main.storyboard */; };
		71BAFA382029E00B00D3073E /* Assets.xcassets in Resources */ = {isa = PBXBuildFile; fileRef = 71BAFA372029E00B00D3073E /* Assets.xcassets */; };
		71BAFA3B2029E00B00D3073E /* LaunchScreen.storyboard in Resources */ = {isa = PBXBuildFile; fileRef = 71BAFA392029E00B00D3073E /* LaunchScreen.storyboard */; };
/* End PBXBuildFile section */

/* Begin PBXFileReference section */
		718FE658202C836400926269 /* ValidaFormulario.swift */ = {isa = PBXFileReference; lastKnownFileType = sourcecode.swift; path = ValidaFormulario.swift; sourceTree = "<group>"; };
		71BAFA2D2029E00A00D3073E /* Tickets.app */ = {isa = PBXFileReference; explicitFileType = wrapper.application; includeInIndex = 0; path = Tickets.app; sourceTree = BUILT_PRODUCTS_DIR; };
		71BAFA302029E00A00D3073E /* AppDelegate.swift */ = {isa = PBXFileReference; lastKnownFileType = sourcecode.swift; path = AppDelegate.swift; sourceTree = "<group>"; };
		71BAFA322029E00A00D3073E /* ViewController.swift */ = {isa = PBXFileReference; lastKnownFileType = sourcecode.swift; path = ViewController.swift; sourceTree = "<group>"; };
		71BAFA352029E00A00D3073E /* Base */ = {isa = PBXFileReference; lastKnownFileType = file.storyboard; name = Base; path = Base.lproj/Main.storyboard; sourceTree = "<group>"; };
		71BAFA372029E00B00D3073E /* Assets.xcassets */ = {isa = PBXFileReference; lastKnownFileType = folder.assetcatalog; path = Assets.xcassets; sourceTree = "<group>"; };
		71BAFA3A2029E00B00D3073E /* Base */ = {isa = PBXFileReference; lastKnownFileType = file.storyboard; name = Base; path = Base.lproj/LaunchScreen.storyboard; sourceTree = "<group>"; };
		71BAFA3C2029E00B00D3073E /* Info.plist */ = {isa = PBXFileReference; lastKnownFileType = text.plist.xml; path = Info.plist; sourceTree = "<group>"; };
/* End PBXFileReference section */

/* Begin PBXFrameworksBuildPhase section */
		71BAFA2A2029E00A00D3073E /* Frameworks */ = {
			isa = PBXFrameworksBuildPhase;
			buildActionMask = 2147483647;
			files = (
			);
			runOnlyForDeploymentPostprocessing = 0;
		};
/* End PBXFrameworksBuildPhase section */

/* Begin PBXGroup section */
		718FE656202C829700926269 /* Model */ = {
			isa = PBXGroup;
			children = (
				718FE658202C836400926269 /* ValidaFormulario.swift */,
			);
			path = Model;
			sourceTree = "<group>";
		};
		718FE657202C82A600926269 /* Controller */ = {
			isa = PBXGroup;
			children = (
				71BAFA322029E00A00D3073E /* ViewController.swift */,
			);
			path = Controller;
			sourceTree = "<group>";
		};
		71BAFA242029E00900D3073E = {
			isa = PBXGroup;
			children = (
				71BAFA2F2029E00A00D3073E /* Tickets */,
				71BAFA2E2029E00A00D3073E /* Products */,
			);
			sourceTree = "<group>";
		};
		71BAFA2E2029E00A00D3073E /* Products */ = {
			isa = PBXGroup;
			children = (
				71BAFA2D2029E00A00D3073E /* Tickets.app */,
			);
			name = Products;
			sourceTree = "<group>";
		};
		71BAFA2F2029E00A00D3073E /* Tickets */ = {
			isa = PBXGroup;
			children = (
				71BAFA302029E00A00D3073E /* AppDelegate.swift */,
				718FE656202C829700926269 /* Model */,
				718FE657202C82A600926269 /* Controller */,
				71BAFA342029E00A00D3073E /* Main.storyboard */,
				71BAFA372029E00B00D3073E /* Assets.xcassets */,
				71BAFA392029E00B00D3073E /* LaunchScreen.storyboard */,
				71BAFA3C2029E00B00D3073E /* Info.plist */,
			);
			path = Tickets;
			sourceTree = "<group>";
		};
/* End PBXGroup section */

/* Begin PBXNativeTarget section */
		71BAFA2C2029E00A00D3073E /* Tickets */ = {
			isa = PBXNativeTarget;
			buildConfigurationList = 71BAFA3F2029E00B00D3073E /* Build configuration list for PBXNativeTarget "Tickets" */;
			buildPhases = (
				71BAFA292029E00A00D3073E /* Sources */,
				71BAFA2A2029E00A00D3073E /* Frameworks */,
				71BAFA2B2029E00A00D3073E /* Resources */,
			);
			buildRules = (
			);
			dependencies = (
			);
			name = Tickets;
			productName = Tickets;
			productReference = 71BAFA2D2029E00A00D3073E /* Tickets.app */;
			productType = "com.apple.product-type.application";
		};
/* End PBXNativeTarget section */

/* Begin PBXProject section */
		71BAFA252029E00900D3073E /* Project object */ = {
			isa = PBXProject;
			attributes = {
				LastSwiftUpdateCheck = 0920;
				LastUpgradeCheck = 0920;
				ORGANIZATIONNAME = "Matheus S";
				TargetAttributes = {
					71BAFA2C2029E00A00D3073E = {
						CreatedOnToolsVersion = 9.2;
						ProvisioningStyle = Automatic;
					};
				};
			};
			buildConfigurationList = 71BAFA282029E00900D3073E /* Build configuration list for PBXProject "Tickets" */;
			compatibilityVersion = "Xcode 8.0";
			developmentRegion = en;
			hasScannedForEncodings = 0;
			knownRegions = (
				en,
				Base,
			);
			mainGroup = 71BAFA242029E00900D3073E;
			productRefGroup = 71BAFA2E2029E00A00D3073E /* Products */;
			projectDirPath = "";
			projectRoot = "";
			targets = (
				71BAFA2C2029E00A00D3073E /* Tickets */,
			);
		};
/* End PBXProject section */

/* Begin PBXResourcesBuildPhase section */
		71BAFA2B2029E00A00D3073E /* Resources */ = {
			isa = PBXResourcesBuildPhase;
			buildActionMask = 2147483647;
			files = (
				71BAFA3B2029E00B00D3073E /* LaunchScreen.storyboard in Resources */,
				71BAFA382029E00B00D3073E /* Assets.xcassets in Resources */,
				71BAFA362029E00A00D3073E /* Main.storyboard in Resources */,
			);
			runOnlyForDeploymentPostprocessing = 0;
		};
/* End PBXResourcesBuildPhase section */

/* Begin PBXSourcesBuildPhase section */
		71BAFA292029E00A00D3073E /* Sources */ = {
			isa = PBXSourcesBuildPhase;
			buildActionMask = 2147483647;
			files = (
				71BAFA332029E00A00D3073E /* ViewController.swift in Sources */,
				718FE659202C836400926269 /* ValidaFormulario.swift in Sources */,
				71BAFA312029E00A00D3073E /* AppDelegate.swift in Sources */,
			);
			runOnlyForDeploymentPostprocessing = 0;
		};
/* End PBXSourcesBuildPhase section */

/* Begin PBXVariantGroup section */
		71BAFA342029E00A00D3073E /* Main.storyboard */ = {
			isa = PBXVariantGroup;
			children = (
				71BAFA352029E00A00D3073E /* Base */,
			);
			name = Main.storyboard;
			sourceTree = "<group>";
		};
		71BAFA392029E00B00D3073E /* LaunchScreen.storyboard */ = {
			isa = PBXVariantGroup;
			children = (
				71BAFA3A2029E00B00D3073E /* Base */,
			);
			name = LaunchScreen.storyboard;
			sourceTree = "<group>";
		};
/* End PBXVariantGroup section */

/* Begin XCBuildConfiguration section */
		71BAFA3D2029E00B00D3073E /* Debug */ = {
			isa = XCBuildConfiguration;
			buildSettings = {
				ALWAYS_SEARCH_USER_PATHS = NO;
				CLANG_ANALYZER_NONNULL = YES;
				CLANG_ANALYZER_NUMBER_OBJECT_CONVERSION = YES_AGGRESSIVE;
				CLANG_CXX_LANGUAGE_STANDARD = "gnu++14";
				CLANG_CXX_LIBRARY = "libc++";
				CLANG_ENABLE_MODULES = YES;
				CLANG_ENABLE_OBJC_ARC = YES;
				CLANG_WARN_BLOCK_CAPTURE_AUTORELEASING = YES;
				CLANG_WARN_BOOL_CONVERSION = YES;
				CLANG_WARN_COMMA = YES;
				CLANG_WARN_CONSTANT_CONVERSION = YES;
				CLANG_WARN_DIRECT_OBJC_ISA_USAGE = YES_ERROR;
				CLANG_WARN_DOCUMENTATION_COMMENTS = YES;
				CLANG_WARN_EMPTY_BODY = YES;
				CLANG_WARN_ENUM_CONVERSION = YES;
				CLANG_WARN_INFINITE_RECURSION = YES;
				CLANG_WARN_INT_CONVERSION = YES;
				CLANG_WARN_NON_LITERAL_NULL_CONVERSION = YES;
				CLANG_WARN_OBJC_LITERAL_CONVERSION = YES;
				CLANG_WARN_OBJC_ROOT_CLASS = YES_ERROR;
				CLANG_WARN_RANGE_LOOP_ANALYSIS = YES;
				CLANG_WARN_STRICT_PROTOTYPES = YES;
				CLANG_WARN_SUSPICIOUS_MOVE = YES;
				CLANG_WARN_UNGUARDED_AVAILABILITY = YES_AGGRESSIVE;
				CLANG_WARN_UNREACHABLE_CODE = YES;
				CLANG_WARN__DUPLICATE_METHOD_MATCH = YES;
				CODE_SIGN_IDENTITY = "iPhone Developer";
				COPY_PHASE_STRIP = NO;
				DEBUG_INFORMATION_FORMAT = dwarf;
				ENABLE_STRICT_OBJC_MSGSEND = YES;
				ENABLE_TESTABILITY = YES;
				GCC_C_LANGUAGE_STANDARD = gnu11;
				GCC_DYNAMIC_NO_PIC = NO;
				GCC_NO_COMMON_BLOCKS = YES;
				GCC_OPTIMIZATION_LEVEL = 0;
				GCC_PREPROCESSOR_DEFINITIONS = (
					"DEBUG=1",
					"$(inherited)",
				);
				GCC_WARN_64_TO_32_BIT_CONVERSION = YES;
				GCC_WARN_ABOUT_RETURN_TYPE = YES_ERROR;
				GCC_WARN_UNDECLARED_SELECTOR = YES;
				GCC_WARN_UNINITIALIZED_AUTOS = YES_AGGRESSIVE;
				GCC_WARN_UNUSED_FUNCTION = YES;
				GCC_WARN_UNUSED_VARIABLE = YES;
				IPHONEOS_DEPLOYMENT_TARGET = 11.2;
				MTL_ENABLE_DEBUG_INFO = YES;
				ONLY_ACTIVE_ARCH = YES;
				SDKROOT = iphoneos;
				SWIFT_ACTIVE_COMPILATION_CONDITIONS = DEBUG;
				SWIFT_OPTIMIZATION_LEVEL = "-Onone";
			};
			name = Debug;
		};
		71BAFA3E2029E00B00D3073E /* Release */ = {
			isa = XCBuildConfiguration;
			buildSettings = {
				ALWAYS_SEARCH_USER_PATHS = NO;
				CLANG_ANALYZER_NONNULL = YES;
				CLANG_ANALYZER_NUMBER_OBJECT_CONVERSION = YES_AGGRESSIVE;
				CLANG_CXX_LANGUAGE_STANDARD = "gnu++14";
				CLANG_CXX_LIBRARY = "libc++";
				CLANG_ENABLE_MODULES = YES;
				CLANG_ENABLE_OBJC_ARC = YES;
				CLANG_WARN_BLOCK_CAPTURE_AUTORELEASING = YES;
				CLANG_WARN_BOOL_CONVERSION = YES;
				CLANG_WARN_COMMA = YES;
				CLANG_WARN_CONSTANT_CONVERSION = YES;
				CLANG_WARN_DIRECT_OBJC_ISA_USAGE = YES_ERROR;
				CLANG_WARN_DOCUMENTATION_COMMENTS = YES;
				CLANG_WARN_EMPTY_BODY = YES;
				CLANG_WARN_ENUM_CONVERSION = YES;
				CLANG_WARN_INFINITE_RECURSION = YES;
				CLANG_WARN_INT_CONVERSION = YES;
				CLANG_WARN_NON_LITERAL_NULL_CONVERSION = YES;
				CLANG_WARN_OBJC_LITERAL_CONVERSION = YES;
				CLANG_WARN_OBJC_ROOT_CLASS = YES_ERROR;
				CLANG_WARN_RANGE_LOOP_ANALYSIS = YES;
				CLANG_WARN_STRICT_PROTOTYPES = YES;
				CLANG_WARN_SUSPICIOUS_MOVE = YES;
				CLANG_WARN_UNGUARDED_AVAILABILITY = YES_AGGRESSIVE;
				CLANG_WARN_UNREACHABLE_CODE = YES;
				CLANG_WARN__DUPLICATE_METHOD_MATCH = YES;
				CODE_SIGN_IDENTITY = "iPhone Developer";
				COPY_PHASE_STRIP = NO;
				DEBUG_INFORMATION_FORMAT = "dwarf-with-dsym";
				ENABLE_NS_ASSERTIONS = NO;
				ENABLE_STRICT_OBJC_MSGSEND = YES;
				GCC_C_LANGUAGE_STANDARD = gnu11;
				GCC_NO_COMMON_BLOCKS = YES;
				GCC_WARN_64_TO_32_BIT_CONVERSION = YES;
				GCC_WARN_ABOUT_RETURN_TYPE = YES_ERROR;
				GCC_WARN_UNDECLARED_SELECTOR = YES;
				GCC_WARN_UNINITIALIZED_AUTOS = YES_AGGRESSIVE;
				GCC_WARN_UNUSED_FUNCTION = YES;
				GCC_WARN_UNUSED_VARIABLE = YES;
				IPHONEOS_DEPLOYMENT_TARGET = 11.2;
				MTL_ENABLE_DEBUG_INFO = NO;
				SDKROOT = iphoneos;
				SWIFT_OPTIMIZATION_LEVEL = "-Owholemodule";
				VALIDATE_PRODUCT = YES;
			};
			name = Release;
		};
		71BAFA402029E00B00D3073E /* Debug */ = {
			isa = XCBuildConfiguration;
			buildSettings = {
				ASSETCATALOG_COMPILER_APPICON_NAME = AppIcon;
				CODE_SIGN_STYLE = Automatic;
				INFOPLIST_FILE = Tickets/Info.plist;
				LD_RUNPATH_SEARCH_PATHS = "$(inherited) @executable_path/Frameworks";
				PRODUCT_BUNDLE_IDENTIFIER = br.com.matheus.Tickets;
				PRODUCT_NAME = "$(TARGET_NAME)";
				SWIFT_VERSION = 4.0;
				TARGETED_DEVICE_FAMILY = "1,2";
			};
			name = Debug;
		};
		71BAFA412029E00B00D3073E /* Release */ = {
			isa = XCBuildConfiguration;
			buildSettings = {
				ASSETCATALOG_COMPILER_APPICON_NAME = AppIcon;
				CODE_SIGN_STYLE = Automatic;
				INFOPLIST_FILE = Tickets/Info.plist;
				LD_RUNPATH_SEARCH_PATHS = "$(inherited) @executable_path/Frameworks";
				PRODUCT_BUNDLE_IDENTIFIER = br.com.matheus.Tickets;
				PRODUCT_NAME = "$(TARGET_NAME)";
				SWIFT_VERSION = 4.0;
				TARGETED_DEVICE_FAMILY = "1,2";
			};
			name = Release;
		};
/* End XCBuildConfiguration section */

/* Begin XCConfigurationList section */
		71BAFA282029E00900D3073E /* Build configuration list for PBXProject "Tickets" */ = {
			isa = XCConfigurationList;
			buildConfigurations = (
				71BAFA3D2029E00B00D3073E /* Debug */,
				71BAFA3E2029E00B00D3073E /* Release */,
			);
			defaultConfigurationIsVisible = 0;
			defaultConfigurationName = Release;
		};
		71BAFA3F2029E00B00D3073E /* Build configuration list for PBXNativeTarget "Tickets" */ = {
			isa = XCConfigurationList;
			buildConfigurations = (
				71BAFA402029E00B00D3073E /* Debug */,
				71BAFA412029E00B00D3073E /* Release */,
			);
			defaultConfigurationIsVisible = 0;
			defaultConfigurationName = Release;
		};
/* End XCConfigurationList section */
	};
	rootObject = 71BAFA252029E00900D3073E /* Project object */;
}
